{
  "requires": true,
  "lockfileVersion": 1,
  "dependencies": {
    "angular-password-strength-meter": {
      "version": "2.0.0",
      "resolved": "https://registry.npmjs.org/angular-password-strength-meter/-/angular-password-strength-meter-2.0.0.tgz",
      "integrity": "sha512-QcOC6mv5RukullvhTVtxrK9rf8uzbPsjPFmpiVWgtB97Cwov19sqmJHQK3SuUN84d6If3s4LfwmUygdWhmPKOw=="
    }
  }
}
